
Microsoft Visual Studio Solution File, Format Version 12.00
# Visual Studio Version 16
VisualStudioVersion = 16.0.30523.141
MinimumVisualStudioVersion = 10.0.40219.1
Project("{FAE04EC0-301F-11D3-BF4B-00C04F79EFBC}") = "PrimeNumber", "PrimeNumber.csproj", "{71A4FC71-12DF-4006-833E-3D9B4CA5D156}"
EndProject
Global
	GlobalSection(SolutionConfigurationPlatforms) = preSolution
		Debug|Any CPU = Debug|Any CPU
		Release|Any CPU = Release|Any CPU
	EndGlobalSection
	GlobalSection(ProjectConfigurationPlatforms) = postSolution
		{71A4FC71-12DF-4006-833E-3D9B4CA5D156}.Debug|Any CPU.ActiveCfg = Debug|Any CPU
		{71A4FC71-12DF-4006-833E-3D9B4CA5D156}.Debug|Any CPU.Build.0 = Debug|Any CPU
		{71A4FC71-12DF-4006-833E-3D9B4CA5D156}.Release|Any CPU.ActiveCfg = Release|Any CPU
		{71A4FC71-12DF-4006-833E-3D9B4CA5D156}.Release|Any CPU.Build.0 = Release|Any CPU
	EndGlobalSection
	GlobalSection(SolutionProperties) = preSolution
		HideSolutionNode = FALSE
	EndGlobalSection
	GlobalSection(ExtensibilityGlobals) = postSolution
		SolutionGuid = {ED318AA0-1F34-439A-9B36-3C8A3E5E8D80}
	EndGlobalSection
EndGlobal
